
Microsoft Visual Studio Solution File, Format Version 10.00
# Visual Studio 2008
Project("{FAE04EC0-301F-11D3-BF4B-00C04F79EFBC}") = "sllabres.web", "sllabres.web\sllabres.web.csproj", "{95EEF887-A44B-4B20-B117-CCC81C16D730}"
EndProject
Project("{FAE04EC0-301F-11D3-BF4B-00C04F79EFBC}") = "sllabres.web.test", "sllabres.web.test\sllabres.web.test.csproj", "{FB433D84-0520-420F-A94B-083B1EA5664D}"
EndProject
Global
	GlobalSection(SolutionConfigurationPlatforms) = preSolution
		Debug|Any CPU = Debug|Any CPU
		Release|Any CPU = Release|Any CPU
	EndGlobalSection
	GlobalSection(ProjectConfigurationPlatforms) = postSolution
		{95EEF887-A44B-4B20-B117-CCC81C16D730}.Debug|Any CPU.ActiveCfg = Debug|Any CPU
		{95EEF887-A44B-4B20-B117-CCC81C16D730}.Debug|Any CPU.Build.0 = Debug|Any CPU
		{95EEF887-A44B-4B20-B117-CCC81C16D730}.Release|Any CPU.ActiveCfg = Release|Any CPU
		{95EEF887-A44B-4B20-B117-CCC81C16D730}.Release|Any CPU.Build.0 = Release|Any CPU
		{FB433D84-0520-420F-A94B-083B1EA5664D}.Debug|Any CPU.ActiveCfg = Debug|Any CPU
		{FB433D84-0520-420F-A94B-083B1EA5664D}.Debug|Any CPU.Build.0 = Debug|Any CPU
		{FB433D84-0520-420F-A94B-083B1EA5664D}.Release|Any CPU.ActiveCfg = Release|Any CPU
		{FB433D84-0520-420F-A94B-083B1EA5664D}.Release|Any CPU.Build.0 = Release|Any CPU
	EndGlobalSection
	GlobalSection(SolutionProperties) = preSolution
		HideSolutionNode = FALSE
	EndGlobalSection
EndGlobal
