
Microsoft Visual Studio Solution File, Format Version 12.00
# Visual Studio 2013
VisualStudioVersion = 12.0.31101.0
MinimumVisualStudioVersion = 10.0.40219.1
Project("{FAE04EC0-301F-11D3-BF4B-00C04F79EFBC}") = "sllabres", "sllabres\sllabres.csproj", "{1659BF25-0B65-4978-BDE9-27DE2FCD5933}"
EndProject
Project("{FAE04EC0-301F-11D3-BF4B-00C04F79EFBC}") = "ITGuys.Tests", "ITGuys.Tests\ITGuys.Tests.csproj", "{162785B2-E56D-4833-B20B-DB67CA4B04F2}"
EndProject
Global
	GlobalSection(SolutionConfigurationPlatforms) = preSolution
		Debug|Any CPU = Debug|Any CPU
		Release|Any CPU = Release|Any CPU
	EndGlobalSection
	GlobalSection(ProjectConfigurationPlatforms) = postSolution
		{1659BF25-0B65-4978-BDE9-27DE2FCD5933}.Debug|Any CPU.ActiveCfg = Debug|Any CPU
		{1659BF25-0B65-4978-BDE9-27DE2FCD5933}.Debug|Any CPU.Build.0 = Debug|Any CPU
		{1659BF25-0B65-4978-BDE9-27DE2FCD5933}.Release|Any CPU.ActiveCfg = Release|Any CPU
		{1659BF25-0B65-4978-BDE9-27DE2FCD5933}.Release|Any CPU.Build.0 = Release|Any CPU
		{162785B2-E56D-4833-B20B-DB67CA4B04F2}.Debug|Any CPU.ActiveCfg = Debug|Any CPU
		{162785B2-E56D-4833-B20B-DB67CA4B04F2}.Release|Any CPU.ActiveCfg = Release|Any CPU
		{162785B2-E56D-4833-B20B-DB67CA4B04F2}.Release|Any CPU.Build.0 = Release|Any CPU
	EndGlobalSection
	GlobalSection(SolutionProperties) = preSolution
		HideSolutionNode = FALSE
	EndGlobalSection
EndGlobal
